// !$*UTF8*$!
{
	archiveVersion = 1;
	classes = {
	};
	objectVersion = 46;
	objects = {

/* Begin PBXBuildFile section */
		F74E091E1B84E4BD0002D30F /* AppDelegate.swift in Sources */ = {isa = PBXBuildFile; fileRef = F74E091D1B84E4BD0002D30F /* AppDelegate.swift */; };
		F74E09201B84E4BD0002D30F /* ViewController.swift in Sources */ = {isa = PBXBuildFile; fileRef = F74E091F1B84E4BD0002D30F /* ViewController.swift */; };
		F74E09231B84E4BD0002D30F /* Main.storyboard in Resources */ = {isa = PBXBuildFile; fileRef = F74E09211B84E4BD0002D30F /* Main.storyboard */; };
		F74E09251B84E4BD0002D30F /* Images.xcassets in Resources */ = {isa = PBXBuildFile; fileRef = F74E09241B84E4BD0002D30F /* Images.xcassets */; };
		F74E09281B84E4BD0002D30F /* LaunchScreen.xib in Resources */ = {isa = PBXBuildFile; fileRef = F74E09261B84E4BD0002D30F /* LaunchScreen.xib */; };
		F74E09341B84E4BD0002D30F /* WhoIsExampleTests.swift in Sources */ = {isa = PBXBuildFile; fileRef = F74E09331B84E4BD0002D30F /* WhoIsExampleTests.swift */; };
		F74E093E1B85181B0002D30F /* CustomCell.xib in Resources */ = {isa = PBXBuildFile; fileRef = F74E093D1B85181B0002D30F /* CustomCell.xib */; };
		F74E09401B85182C0002D30F /* CustomCell.swift in Sources */ = {isa = PBXBuildFile; fileRef = F74E093F1B85182C0002D30F /* CustomCell.swift */; };
		F74E09421B851BCA0002D30F /* RepInfoView.swift in Sources */ = {isa = PBXBuildFile; fileRef = F74E09411B851BCA0002D30F /* RepInfoView.swift */; };
/* End PBXBuildFile section */

/* Begin PBXContainerItemProxy section */
		F74E092E1B84E4BD0002D30F /* PBXContainerItemProxy */ = {
			isa = PBXContainerItemProxy;
			containerPortal = F74E09101B84E4BD0002D30F /* Project object */;
			proxyType = 1;
			remoteGlobalIDString = F74E09171B84E4BD0002D30F;
			remoteInfo = WhoIsExample;
		};
/* End PBXContainerItemProxy section */

/* Begin PBXFileReference section */
		F74E09181B84E4BD0002D30F /* WhoIsExample.app */ = {isa = PBXFileReference; explicitFileType = wrapper.application; includeInIndex = 0; path = WhoIsExample.app; sourceTree = BUILT_PRODUCTS_DIR; };
		F74E091C1B84E4BD0002D30F /* Info.plist */ = {isa = PBXFileReference; lastKnownFileType = text.plist.xml; path = Info.plist; sourceTree = "<group>"; };
		F74E091D1B84E4BD0002D30F /* AppDelegate.swift */ = {isa = PBXFileReference; lastKnownFileType = sourcecode.swift; path = AppDelegate.swift; sourceTree = "<group>"; };
		F74E091F1B84E4BD0002D30F /* ViewController.swift */ = {isa = PBXFileReference; lastKnownFileType = sourcecode.swift; path = ViewController.swift; sourceTree = "<group>"; };
		F74E09221B84E4BD0002D30F /* Base */ = {isa = PBXFileReference; lastKnownFileType = file.storyboard; name = Base; path = Base.lproj/Main.storyboard; sourceTree = "<group>"; };
		F74E09241B84E4BD0002D30F /* Images.xcassets */ = {isa = PBXFileReference; lastKnownFileType = folder.assetcatalog; path = Images.xcassets; sourceTree = "<group>"; };
		F74E09271B84E4BD0002D30F /* Base */ = {isa = PBXFileReference; lastKnownFileType = file.xib; name = Base; path = Base.lproj/LaunchScreen.xib; sourceTree = "<group>"; };
		F74E092D1B84E4BD0002D30F /* WhoIsExampleTests.xctest */ = {isa = PBXFileReference; explicitFileType = wrapper.cfbundle; includeInIndex = 0; path = WhoIsExampleTests.xctest; sourceTree = BUILT_PRODUCTS_DIR; };
		F74E09321B84E4BD0002D30F /* Info.plist */ = {isa = PBXFileReference; lastKnownFileType = text.plist.xml; path = Info.plist; sourceTree = "<group>"; };
		F74E09331B84E4BD0002D30F /* WhoIsExampleTests.swift */ = {isa = PBXFileReference; lastKnownFileType = sourcecode.swift; path = WhoIsExampleTests.swift; sourceTree = "<group>"; };
		F74E093D1B85181B0002D30F /* CustomCell.xib */ = {isa = PBXFileReference; fileEncoding = 4; lastKnownFileType = file.xib; path = CustomCell.xib; sourceTree = "<group>"; };
		F74E093F1B85182C0002D30F /* CustomCell.swift */ = {isa = PBXFileReference; fileEncoding = 4; lastKnownFileType = sourcecode.swift; path = CustomCell.swift; sourceTree = "<group>"; };
		F74E09411B851BCA0002D30F /* RepInfoView.swift */ = {isa = PBXFileReference; fileEncoding = 4; lastKnownFileType = sourcecode.swift; path = RepInfoView.swift; sourceTree = "<group>"; };
/* End PBXFileReference section */

/* Begin PBXFrameworksBuildPhase section */
		F74E09151B84E4BD0002D30F /* Frameworks */ = {
			isa = PBXFrameworksBuildPhase;
			buildActionMask = 2147483647;
			files = (
			);
			runOnlyForDeploymentPostprocessing = 0;
		};
		F74E092A1B84E4BD0002D30F /* Frameworks */ = {
			isa = PBXFrameworksBuildPhase;
			buildActionMask = 2147483647;
			files = (
			);
			runOnlyForDeploymentPostprocessing = 0;
		};
/* End PBXFrameworksBuildPhase section */

/* Begin PBXGroup section */
		F74E090F1B84E4BD0002D30F = {
			isa = PBXGroup;
			children = (
				F74E091A1B84E4BD0002D30F /* WhoIsExample */,
				F74E09301B84E4BD0002D30F /* WhoIsExampleTests */,
				F74E09191B84E4BD0002D30F /* Products */,
			);
			sourceTree = "<group>";
		};
		F74E09191B84E4BD0002D30F /* Products */ = {
			isa = PBXGroup;
			children = (
				F74E09181B84E4BD0002D30F /* WhoIsExample.app */,
				F74E092D1B84E4BD0002D30F /* WhoIsExampleTests.xctest */,
			);
			name = Products;
			sourceTree = "<group>";
		};
		F74E091A1B84E4BD0002D30F /* WhoIsExample */ = {
			isa = PBXGroup;
			children = (
				F74E091D1B84E4BD0002D30F /* AppDelegate.swift */,
				F74E091F1B84E4BD0002D30F /* ViewController.swift */,
				F74E09211B84E4BD0002D30F /* Main.storyboard */,
				F74E09411B851BCA0002D30F /* RepInfoView.swift */,
				F74E093F1B85182C0002D30F /* CustomCell.swift */,
				F74E093D1B85181B0002D30F /* CustomCell.xib */,
				F74E09241B84E4BD0002D30F /* Images.xcassets */,
				F74E09261B84E4BD0002D30F /* LaunchScreen.xib */,
				F74E091B1B84E4BD0002D30F /* Supporting Files */,
			);
			path = WhoIsExample;
			sourceTree = "<group>";
		};
		F74E091B1B84E4BD0002D30F /* Supporting Files */ = {
			isa = PBXGroup;
			children = (
				F74E091C1B84E4BD0002D30F /* Info.plist */,
			);
			name = "Supporting Files";
			sourceTree = "<group>";
		};
		F74E09301B84E4BD0002D30F /* WhoIsExampleTests */ = {
			isa = PBXGroup;
			children = (
				F74E09331B84E4BD0002D30F /* WhoIsExampleTests.swift */,
				F74E09311B84E4BD0002D30F /* Supporting Files */,
			);
			path = WhoIsExampleTests;
			sourceTree = "<group>";
		};
		F74E09311B84E4BD0002D30F /* Supporting Files */ = {
			isa = PBXGroup;
			children = (
				F74E09321B84E4BD0002D30F /* Info.plist */,
			);
			name = "Supporting Files";
			sourceTree = "<group>";
		};
/* End PBXGroup section */

/* Begin PBXNativeTarget section */
		F74E09171B84E4BD0002D30F /* WhoIsExample */ = {
			isa = PBXNativeTarget;
			buildConfigurationList = F74E09371B84E4BD0002D30F /* Build configuration list for PBXNativeTarget "WhoIsExample" */;
			buildPhases = (
				F74E09141B84E4BD0002D30F /* Sources */,
				F74E09151B84E4BD0002D30F /* Frameworks */,
				F74E09161B84E4BD0002D30F /* Resources */,
			);
			buildRules = (
			);
			dependencies = (
			);
			name = WhoIsExample;
			productName = WhoIsExample;
			productReference = F74E09181B84E4BD0002D30F /* WhoIsExample.app */;
			productType = "com.apple.product-type.application";
		};
		F74E092C1B84E4BD0002D30F /* WhoIsExampleTests */ = {
			isa = PBXNativeTarget;
			buildConfigurationList = F74E093A1B84E4BD0002D30F /* Build configuration list for PBXNativeTarget "WhoIsExampleTests" */;
			buildPhases = (
				F74E09291B84E4BD0002D30F /* Sources */,
				F74E092A1B84E4BD0002D30F /* Frameworks */,
				F74E092B1B84E4BD0002D30F /* Resources */,
			);
			buildRules = (
			);
			dependencies = (
				F74E092F1B84E4BD0002D30F /* PBXTargetDependency */,
			);
			name = WhoIsExampleTests;
			productName = WhoIsExampleTests;
			productReference = F74E092D1B84E4BD0002D30F /* WhoIsExampleTests.xctest */;
			productType = "com.apple.product-type.bundle.unit-test";
		};
/* End PBXNativeTarget section */

/* Begin PBXProject section */
		F74E09101B84E4BD0002D30F /* Project object */ = {
			isa = PBXProject;
			attributes = {
				LastUpgradeCheck = 0640;
				ORGANIZATIONNAME = "Nathan Larson";
				TargetAttributes = {
					F74E09171B84E4BD0002D30F = {
						CreatedOnToolsVersion = 6.4;
					};
					F74E092C1B84E4BD0002D30F = {
						CreatedOnToolsVersion = 6.4;
						TestTargetID = F74E09171B84E4BD0002D30F;
					};
				};
			};
			buildConfigurationList = F74E09131B84E4BD0002D30F /* Build configuration list for PBXProject "WhoIsExample" */;
			compatibilityVersion = "Xcode 3.2";
			developmentRegion = English;
			hasScannedForEncodings = 0;
			knownRegions = (
				en,
				Base,
			);
			mainGroup = F74E090F1B84E4BD0002D30F;
			productRefGroup = F74E09191B84E4BD0002D30F /* Products */;
			projectDirPath = "";
			projectRoot = "";
			targets = (
				F74E09171B84E4BD0002D30F /* WhoIsExample */,
				F74E092C1B84E4BD0002D30F /* WhoIsExampleTests */,
			);
		};
/* End PBXProject section */

/* Begin PBXResourcesBuildPhase section */
		F74E09161B84E4BD0002D30F /* Resources */ = {
			isa = PBXResourcesBuildPhase;
			buildActionMask = 2147483647;
			files = (
				F74E09231B84E4BD0002D30F /* Main.storyboard in Resources */,
				F74E09281B84E4BD0002D30F /* LaunchScreen.xib in Resources */,
				F74E093E1B85181B0002D30F /* CustomCell.xib in Resources */,
				F74E09251B84E4BD0002D30F /* Images.xcassets in Resources */,
			);
			runOnlyForDeploymentPostprocessing = 0;
		};
		F74E092B1B84E4BD0002D30F /* Resources */ = {
			isa = PBXResourcesBuildPhase;
			buildActionMask = 2147483647;
			files = (
			);
			runOnlyForDeploymentPostprocessing = 0;
		};
/* End PBXResourcesBuildPhase section */

/* Begin PBXSourcesBuildPhase section */
		F74E09141B84E4BD0002D30F /* Sources */ = {
			isa = PBXSourcesBuildPhase;
			buildActionMask = 2147483647;
			files = (
				F74E09201B84E4BD0002D30F /* ViewController.swift in Sources */,
				F74E09401B85182C0002D30F /* CustomCell.swift in Sources */,
				F74E09421B851BCA0002D30F /* RepInfoView.swift in Sources */,
				F74E091E1B84E4BD0002D30F /* AppDelegate.swift in Sources */,
			);
			runOnlyForDeploymentPostprocessing = 0;
		};
		F74E09291B84E4BD0002D30F /* Sources */ = {
			isa = PBXSourcesBuildPhase;
			buildActionMask = 2147483647;
			files = (
				F74E09341B84E4BD0002D30F /* WhoIsExampleTests.swift in Sources */,
			);
			runOnlyForDeploymentPostprocessing = 0;
		};
/* End PBXSourcesBuildPhase section */

/* Begin PBXTargetDependency section */
		F74E092F1B84E4BD0002D30F /* PBXTargetDependency */ = {
			isa = PBXTargetDependency;
			target = F74E09171B84E4BD0002D30F /* WhoIsExample */;
			targetProxy = F74E092E1B84E4BD0002D30F /* PBXContainerItemProxy */;
		};
/* End PBXTargetDependency section */

/* Begin PBXVariantGroup section */
		F74E09211B84E4BD0002D30F /* Main.storyboard */ = {
			isa = PBXVariantGroup;
			children = (
				F74E09221B84E4BD0002D30F /* Base */,
			);
			name = Main.storyboard;
			sourceTree = "<group>";
		};
		F74E09261B84E4BD0002D30F /* LaunchScreen.xib */ = {
			isa = PBXVariantGroup;
			children = (
				F74E09271B84E4BD0002D30F /* Base */,
			);
			name = LaunchScreen.xib;
			sourceTree = "<group>";
		};
/* End PBXVariantGroup section */

/* Begin XCBuildConfiguration section */
		F74E09351B84E4BD0002D30F /* Debug */ = {
			isa = XCBuildConfiguration;
			buildSettings = {
				ALWAYS_SEARCH_USER_PATHS = NO;
				CLANG_CXX_LANGUAGE_STANDARD = "gnu++0x";
				CLANG_CXX_LIBRARY = "libc++";
				CLANG_ENABLE_MODULES = YES;
				CLANG_ENABLE_OBJC_ARC = YES;
				CLANG_WARN_BOOL_CONVERSION = YES;
				CLANG_WARN_CONSTANT_CONVERSION = YES;
				CLANG_WARN_DIRECT_OBJC_ISA_USAGE = YES_ERROR;
				CLANG_WARN_EMPTY_BODY = YES;
				CLANG_WARN_ENUM_CONVERSION = YES;
				CLANG_WARN_INT_CONVERSION = YES;
				CLANG_WARN_OBJC_ROOT_CLASS = YES_ERROR;
				CLANG_WARN_UNREACHABLE_CODE = YES;
				CLANG_WARN__DUPLICATE_METHOD_MATCH = YES;
				"CODE_SIGN_IDENTITY[sdk=iphoneos*]" = "iPhone Developer";
				COPY_PHASE_STRIP = NO;
				DEBUG_INFORMATION_FORMAT = "dwarf-with-dsym";
				ENABLE_STRICT_OBJC_MSGSEND = YES;
				GCC_C_LANGUAGE_STANDARD = gnu99;
				GCC_DYNAMIC_NO_PIC = NO;
				GCC_NO_COMMON_BLOCKS = YES;
				GCC_OPTIMIZATION_LEVEL = 0;
				GCC_PREPROCESSOR_DEFINITIONS = (
					"DEBUG=1",
					"$(inherited)",
				);
				GCC_SYMBOLS_PRIVATE_EXTERN = NO;
				GCC_WARN_64_TO_32_BIT_CONVERSION = YES;
				GCC_WARN_ABOUT_RETURN_TYPE = YES_ERROR;
				GCC_WARN_UNDECLARED_SELECTOR = YES;
				GCC_WARN_UNINITIALIZED_AUTOS = YES_AGGRESSIVE;
				GCC_WARN_UNUSED_FUNCTION = YES;
				GCC_WARN_UNUSED_VARIABLE = YES;
				IPHONEOS_DEPLOYMENT_TARGET = 8.4;
				MTL_ENABLE_DEBUG_INFO = YES;
				ONLY_ACTIVE_ARCH = YES;
				SDKROOT = iphoneos;
				SWIFT_OPTIMIZATION_LEVEL = "-Onone";
				TARGETED_DEVICE_FAMILY = "1,2";
			};
			name = Debug;
		};
		F74E09361B84E4BD0002D30F /* Release */ = {
			isa = XCBuildConfiguration;
			buildSettings = {
				ALWAYS_SEARCH_USER_PATHS = NO;
				CLANG_CXX_LANGUAGE_STANDARD = "gnu++0x";
				CLANG_CXX_LIBRARY = "libc++";
				CLANG_ENABLE_MODULES = YES;
				CLANG_ENABLE_OBJC_ARC = YES;
				CLANG_WARN_BOOL_CONVERSION = YES;
				CLANG_WARN_CONSTANT_CONVERSION = YES;
				CLANG_WARN_DIRECT_OBJC_ISA_USAGE = YES_ERROR;
				CLANG_WARN_EMPTY_BODY = YES;
				CLANG_WARN_ENUM_CONVERSION = YES;
				CLANG_WARN_INT_CONVERSION = YES;
				CLANG_WARN_OBJC_ROOT_CLASS = YES_ERROR;
				CLANG_WARN_UNREACHABLE_CODE = YES;
				CLANG_WARN__DUPLICATE_METHOD_MATCH = YES;
				"CODE_SIGN_IDENTITY[sdk=iphoneos*]" = "iPhone Developer";
				COPY_PHASE_STRIP = NO;
				DEBUG_INFORMATION_FORMAT = "dwarf-with-dsym";
				ENABLE_NS_ASSERTIONS = NO;
				ENABLE_STRICT_OBJC_MSGSEND = YES;
				GCC_C_LANGUAGE_STANDARD = gnu99;
				GCC_NO_COMMON_BLOCKS = YES;
				GCC_WARN_64_TO_32_BIT_CONVERSION = YES;
				GCC_WARN_ABOUT_RETURN_TYPE = YES_ERROR;
				GCC_WARN_UNDECLARED_SELECTOR = YES;
				GCC_WARN_UNINITIALIZED_AUTOS = YES_AGGRESSIVE;
				GCC_WARN_UNUSED_FUNCTION = YES;
				GCC_WARN_UNUSED_VARIABLE = YES;
				IPHONEOS_DEPLOYMENT_TARGET = 8.4;
				MTL_ENABLE_DEBUG_INFO = NO;
				SDKROOT = iphoneos;
				TARGETED_DEVICE_FAMILY = "1,2";
				VALIDATE_PRODUCT = YES;
			};
			name = Release;
		};
		F74E09381B84E4BD0002D30F /* Debug */ = {
			isa = XCBuildConfiguration;
			buildSettings = {
				ASSETCATALOG_COMPILER_APPICON_NAME = AppIcon;
				INFOPLIST_FILE = WhoIsExample/Info.plist;
				LD_RUNPATH_SEARCH_PATHS = "$(inherited) @executable_path/Frameworks";
				PRODUCT_NAME = "$(TARGET_NAME)";
			};
			name = Debug;
		};
		F74E09391B84E4BD0002D30F /* Release */ = {
			isa = XCBuildConfiguration;
			buildSettings = {
				ASSETCATALOG_COMPILER_APPICON_NAME = AppIcon;
				INFOPLIST_FILE = WhoIsExample/Info.plist;
				LD_RUNPATH_SEARCH_PATHS = "$(inherited) @executable_path/Frameworks";
				PRODUCT_NAME = "$(TARGET_NAME)";
			};
			name = Release;
		};
		F74E093B1B84E4BD0002D30F /* Debug */ = {
			isa = XCBuildConfiguration;
			buildSettings = {
				BUNDLE_LOADER = "$(TEST_HOST)";
				FRAMEWORK_SEARCH_PATHS = (
					"$(SDKROOT)/Developer/Library/Frameworks",
					"$(inherited)",
				);
				GCC_PREPROCESSOR_DEFINITIONS = (
					"DEBUG=1",
					"$(inherited)",
				);
				INFOPLIST_FILE = WhoIsExampleTests/Info.plist;
				LD_RUNPATH_SEARCH_PATHS = "$(inherited) @executable_path/Frameworks @loader_path/Frameworks";
				PRODUCT_NAME = "$(TARGET_NAME)";
				TEST_HOST = "$(BUILT_PRODUCTS_DIR)/WhoIsExample.app/WhoIsExample";
			};
			name = Debug;
		};
		F74E093C1B84E4BD0002D30F /* Release */ = {
			isa = XCBuildConfiguration;
			buildSettings = {
				BUNDLE_LOADER = "$(TEST_HOST)";
				FRAMEWORK_SEARCH_PATHS = (
					"$(SDKROOT)/Developer/Library/Frameworks",
					"$(inherited)",
				);
				INFOPLIST_FILE = WhoIsExampleTests/Info.plist;
				LD_RUNPATH_SEARCH_PATHS = "$(inherited) @executable_path/Frameworks @loader_path/Frameworks";
				PRODUCT_NAME = "$(TARGET_NAME)";
				TEST_HOST = "$(BUILT_PRODUCTS_DIR)/WhoIsExample.app/WhoIsExample";
			};
			name = Release;
		};
/* End XCBuildConfiguration section */

/* Begin XCConfigurationList section */
		F74E09131B84E4BD0002D30F /* Build configuration list for PBXProject "WhoIsExample" */ = {
			isa = XCConfigurationList;
			buildConfigurations = (
				F74E09351B84E4BD0002D30F /* Debug */,
				F74E09361B84E4BD0002D30F /* Release */,
			);
			defaultConfigurationIsVisible = 0;
			defaultConfigurationName = Release;
		};
		F74E09371B84E4BD0002D30F /* Build configuration list for PBXNativeTarget "WhoIsExample" */ = {
			isa = XCConfigurationList;
			buildConfigurations = (
				F74E09381B84E4BD0002D30F /* Debug */,
				F74E09391B84E4BD0002D30F /* Release */,
			);
			defaultConfigurationIsVisible = 0;
		};
		F74E093A1B84E4BD0002D30F /* Build configuration list for PBXNativeTarget "WhoIsExampleTests" */ = {
			isa = XCConfigurationList;
			buildConfigurations = (
				F74E093B1B84E4BD0002D30F /* Debug */,
				F74E093C1B84E4BD0002D30F /* Release */,
			);
			defaultConfigurationIsVisible = 0;
		};
/* End XCConfigurationList section */
	};
	rootObject = F74E09101B84E4BD0002D30F /* Project object */;
}
